<Project xmlns="http://schemas.microsoft.com/developer/msbuild/2003">
    <PropertyGroup>
        <ProjectGuid>{C847EE72-7E8D-4E94-9988-0FBAB68509A9}</ProjectGuid>
        <ProjectVersion>20.4</ProjectVersion>
        <FrameworkType>None</FrameworkType>
        <Config Condition="'$(Config)'==''">Debug</Config>
        <Platform Condition="'$(Platform)'==''">Win64</Platform>
        <ProjectName Condition="'$(ProjectName)'==''">MMDAIPreview</ProjectName>
        <TargetedPlatforms>2</TargetedPlatforms>
        <AppType>Console</AppType>
        <MainSource>MMDAIPreview.dpr</MainSource>
        <Base>True</Base>
    </PropertyGroup>
    <PropertyGroup>
        <DCC_DcuOutput>.\$(Platform)\$(Config)\DCU</DCC_DcuOutput>
        <DCC_ExeOutput>.\$(Platform)\$(Config)</DCC_ExeOutput>
        <DCC_UnitSearchPath>Source;..\MMD\Source\Lib\MMD\AI;..\MMD\Source\Lib\MMD\Core;..\MMD\Source\Lib\MMD\IO;..\MMD\Source\Lib\MMD\Editor\D3D;$(DCC_UnitSearchPath)</DCC_UnitSearchPath>
        <DCC_Namespace>System;Xml;Data;Datasnap;Web;Soap;Winapi;Vcl;$(DCC_Namespace)</DCC_Namespace>
        <SanitizedProjectName>MMDAIPreview</SanitizedProjectName>
    </PropertyGroup>
    <PropertyGroup Condition="'$(Config)'=='Base' or '$(Base)'!=''">
        <Base>true</Base>
    </PropertyGroup>
    <PropertyGroup Condition="'$(Config)'=='Debug' or '$(Cfg_1)'!=''">
        <Cfg_1>true</Cfg_1>
        <CfgParent>Base</CfgParent>
        <Base>true</Base>
    </PropertyGroup>
    <PropertyGroup Condition="('$(Platform)'=='Win64' and '$(Cfg_1)'=='true') or '$(Cfg_1_Win64)'!=''">
        <Cfg_1_Win64>true</Cfg_1_Win64>
        <CfgParent>Cfg_1</CfgParent>
        <Cfg_1>true</Cfg_1>
        <Base>true</Base>
    </PropertyGroup>
    <PropertyGroup Condition="'$(Config)'=='Release' or '$(Cfg_2)'!=''">
        <Cfg_2>true</Cfg_2>
        <CfgParent>Base</CfgParent>
        <Base>true</Base>
    </PropertyGroup>
    <PropertyGroup Condition="('$(Platform)'=='Win64' and '$(Cfg_2)'=='true') or '$(Cfg_2_Win64)'!=''">
        <Cfg_2_Win64>true</Cfg_2_Win64>
        <CfgParent>Cfg_2</CfgParent>
        <Cfg_2>true</Cfg_2>
        <Base>true</Base>
    </PropertyGroup>
    <PropertyGroup Condition="'$(Cfg_1)'!=''">
        <BT_BuildType>Debug</BT_BuildType>
        <DCC_Define>DEBUG;$(DCC_Define)</DCC_Define>
        <DCC_DebugDCUs>true</DCC_DebugDCUs>
        <DCC_Optimize>false</DCC_Optimize>
        <DCC_GenerateStackFrames>true</DCC_GenerateStackFrames>
        <DCC_DebugInfoInExe>true</DCC_DebugInfoInExe>
        <DCC_IntegerOverflowCheck>true</DCC_IntegerOverflowCheck>
        <DCC_RangeChecking>true</DCC_RangeChecking>
    </PropertyGroup>
    <PropertyGroup Condition="'$(Cfg_2)'!=''">
        <BT_BuildType>Release</BT_BuildType>
        <DCC_LocalDebugSymbols>false</DCC_LocalDebugSymbols>
        <DCC_Define>RELEASE;$(DCC_Define)</DCC_Define>
        <DCC_SymbolReferenceInfo>0</DCC_SymbolReferenceInfo>
        <DCC_DebugInformation>0</DCC_DebugInformation>
    </PropertyGroup>
    <ItemGroup>
        <DelphiCompile Include="$(MainSource)">
            <MainSource>MainSource</MainSource>
        </DelphiCompile>
        <DCCReference Include="Source\MmdAiPreviewHost.pas"/>
        <DCCReference Include="Source\MmdAiProviderClient.pas"/>
        <DCCReference Include="Source\MmdAiPreviewProtocol.pas"/>
        <DCCReference Include="Source\MmdAiPreviewCapture.pas"/>
        <DCCReference Include="Source\MmdAiPreviewFocus.pas"/>
        <DCCReference Include="Source\MmdAiPreviewBatch.pas"/>
        <DCCReference Include="Source\MmdAiDiagnosticModel.pas"/>
        <DCCReference Include="Source\MmdAiDiagnosticOverlay.pas"/>
        <DCCReference Include="Source\MmdAiFingerIdValidation.pas"/>
        <DCCReference Include="Source\MmdAiPreviewPipeProtocol.pas"/>
        <DCCReference Include="Source\MmdAiPreviewPipeServer.pas"/>
        <DCCReference Include="..\MMD\Source\Lib\MMD\AI\MmdAiProvider.pas"/>
    </ItemGroup>
    <ProjectExtensions>
        <Borland.Personality>Delphi.Personality.12</Borland.Personality>
        <Borland.ProjectType>Console</Borland.ProjectType>
        <BorlandProject>
            <Delphi.Personality>
                <Source>
                    <Source Name="MainSource">MMDAIPreview.dpr</Source>
                </Source>
            </Delphi.Personality>
        </BorlandProject>
    </ProjectExtensions>
    <Import Project="$(BDS)\Bin\CodeGear.Delphi.Targets" Condition="Exists('$(BDS)\Bin\CodeGear.Delphi.Targets')"/>
</Project>
